
Microsoft Visual Studio Solution File, Format Version 12.00
# Visual Studio Version 17
VisualStudioVersion = 17.10.35027.167
MinimumVisualStudioVersion = 10.0.40219.1
Project("{FAE04EC0-301F-11D3-BF4B-00C04F79EFBC}") = "BitcoinService", "BitcoinService\BitcoinService.csproj", "{C7F0EABB-4921-4AD1-A935-134D6183B93C}"
EndProject
Global
	GlobalSection(SolutionConfigurationPlatforms) = preSolution
		Debug|Any CPU = Debug|Any CPU
		Release|Any CPU = Release|Any CPU
	EndGlobalSection
	GlobalSection(ProjectConfigurationPlatforms) = postSolution
		{C7F0EABB-4921-4AD1-A935-134D6183B93C}.Debug|Any CPU.ActiveCfg = Debug|Any CPU
		{C7F0EABB-4921-4AD1-A935-134D6183B93C}.Debug|Any CPU.Build.0 = Debug|Any CPU
		{C7F0EABB-4921-4AD1-A935-134D6183B93C}.Release|Any CPU.ActiveCfg = Release|Any CPU
		{C7F0EABB-4921-4AD1-A935-134D6183B93C}.Release|Any CPU.Build.0 = Release|Any CPU
	EndGlobalSection
	GlobalSection(SolutionProperties) = preSolution
		HideSolutionNode = FALSE
	EndGlobalSection
	GlobalSection(ExtensibilityGlobals) = postSolution
		SolutionGuid = {6A697319-CE05-44AA-9E9A-8E9D44E80B1A}
	EndGlobalSection
EndGlobal
